PODS:
  - FlutterMacOS (1.0.0)
  - rust_lib_frs_kit (0.0.1):
    - FlutterMacOS

DEPENDENCIES:
  - FlutterMacOS (from `Flutter/ephemeral`)
  - rust_lib_frs_kit (from `Flutter/ephemeral/.symlinks/plugins/rust_lib_frs_kit/macos`)

EXTERNAL SOURCES:
  FlutterMacOS:
    :path: Flutter/ephemeral
  rust_lib_frs_kit:
    :path: Flutter/ephemeral/.symlinks/plugins/rust_lib_frs_kit/macos

SPEC CHECKSUMS:
  FlutterMacOS: c232990155153907050900a2e175c7773903ba4e
  rust_lib_frs_kit: 05811f9ce5b781cf730ffdfd9dbb6355a03d83fa

PODFILE CHECKSUM: 1e95c36afbfd1cb6423ceca4de7a8e1b256fb6ac

COCOAPODS: 1.16.2
